# THIS IS AN AUTOGENERATED FILE. DO NOT EDIT THIS FILE DIRECTLY.
# yarn lockfile v1


"@gar/promisify@^1.1.3":
  version "1.1.3"
  resolved "https://registry.yarnpkg.com/@gar/promisify/-/promisify-1.1.3.tgz#555193ab2e3bb3b6adc3d551c9c030d9e860daf6"

"@isaacs/string-locale-compare@^1.1.0":
  version "1.1.0"
  resolved "https://registry.yarnpkg.com/@isaacs/string-locale-compare/-/string-locale-compare-1.1.0.tgz#291c227e93fd407a96ecd59879a35809120e432b"

"@npmcli/arborist@^5.2.3":
  version "5.3.0"
  resolved "https://registry.yarnpkg.com/@npmcli/arborist/-/arborist-5.3.0.tgz#321d9424677bfc08569e98a5ac445ee781f32053"
  dependencies:
    "@isaacs/string-locale-compare" "^1.1.0"
    "@npmcli/installed-package-contents" "^1.0.7"
    "@npmcli/map-workspaces" "^2.0.3"
    "@npmcli/metavuln-calculator" "^3.0.1"
    "@npmcli/move-file" "^2.0.0"
    "@npmcli/name-from-folder" "^1.0.1"
    "@npmcli/node-gyp" "^2.0.0"
    "@npmcli/package-json" "^2.0.0"
    "@npmcli/run-script" "^4.1.3"
    bin-links "^3.0.0"
    cacache "^16.0.6"
    common-ancestor-path "^1.0.1"
    json-parse-even-better-errors "^2.3.1"
    json-stringify-nice "^1.1.4"
    mkdirp "^1.0.4"
    mkdirp-infer-owner "^2.0.0"
    nopt "^5.0.0"
    npm-install-checks "^5.0.0"
    npm-package-arg "^9.0.0"
    npm-pick-manifest "^7.0.0"
    npm-registry-fetch "^13.0.0"
    npmlog "^6.0.2"
    pacote "^13.6.1"
    parse-conflict-json "^2.0.1"
    proc-log "^2.0.0"
    promise-all-reject-late "^1.0.0"
    promise-call-limit "^1.0.1"
    read-package-json-fast "^2.0.2"
    readdir-scoped-modules "^1.1.0"
    rimraf "^3.0.2"
    semver "^7.3.7"
    ssri "^9.0.0"
    treeverse "^2.0.0"
    walk-up-path "^1.0.0"

"@npmcli/fs@^2.1.0":
  version "2.1.0"
  resolved "https://registry.yarnpkg.com/@npmcli/fs/-/fs-2.1.0.tgz#f2a21c28386e299d1a9fae8051d35ad180e33109"
  dependencies:
    "@gar/promisify" "^1.1.3"
    semver "^7.3.5"

"@npmcli/git@^3.0.0":
  version "3.0.1"
  resolved "https://registry.yarnpkg.com/@npmcli/git/-/git-3.0.1.tgz#049b99b1381a2ddf7dc56ba3e91eaf76ca803a8d"
  dependencies:
    "@npmcli/promise-spawn" "^3.0.0"
    lru-cache "^7.4.4"
    mkdirp "^1.0.4"
    npm-pick-manifest "^7.0.0"
    proc-log "^2.0.0"
    promise-inflight "^1.0.1"
    promise-retry "^2.0.1"
    semver "^7.3.5"
    which "^2.0.2"

"@npmcli/installed-package-contents@^1.0.7":
  version "1.0.7"
  resolved "https://registry.yarnpkg.com/@npmcli/installed-package-contents/-/installed-package-contents-1.0.7.tgz#ab7408c6147911b970a8abe261ce512232a3f4fa"
  dependencies:
    npm-bundled "^1.1.1"
    npm-normalize-package-bin "^1.0.1"

"@npmcli/map-workspaces@^2.0.3":
  version "2.0.3"
  resolved "https://registry.yarnpkg.com/@npmcli/map-workspaces/-/map-workspaces-2.0.3.tgz#2d3c75119ee53246e9aa75bc469a55281cd5f08f"
  dependencies:
    "@npmcli/name-from-folder" "^1.0.1"
    glob "^8.0.1"
    minimatch "^5.0.1"
    read-package-json-fast "^2.0.3"

"@npmcli/metavuln-calculator@^3.0.1":
  version "3.1.1"
  resolved "https://registry.yarnpkg.com/@npmcli/metavuln-calculator/-/metavuln-calculator-3.1.1.tgz#9359bd72b400f8353f6a28a25c8457b562602622"
  dependencies:
    cacache "^16.0.0"
    json-parse-even-better-errors "^2.3.1"
    pacote "^13.0.3"
    semver "^7.3.5"

"@npmcli/move-file@^2.0.0":
  version "2.0.0"
  resolved "https://registry.yarnpkg.com/@npmcli/move-file/-/move-file-2.0.0.tgz#417f585016081a0184cef3e38902cd917a9bbd02"
  dependencies:
    mkdirp "^1.0.4"
    rimraf "^3.0.2"

"@npmcli/name-from-folder@^1.0.1":
  version "1.0.1"
  resolved "https://registry.yarnpkg.com/@npmcli/name-from-folder/-/name-from-folder-1.0.1.tgz#77ecd0a4fcb772ba6fe927e2e2e155fbec2e6b1a"

"@npmcli/node-gyp@^2.0.0":
  version "2.0.0"
  resolved "https://registry.yarnpkg.com/@npmcli/node-gyp/-/node-gyp-2.0.0.tgz#8c20e53e34e9078d18815c1d2dda6f2420d75e35"

"@npmcli/package-json@^2.0.0":
  version "2.0.0"
  resolved "https://registry.yarnpkg.com/@npmcli/package-json/-/package-json-2.0.0.tgz#3bbcf4677e21055adbe673d9f08c9f9cde942e4a"
  dependencies:
    json-parse-even-better-errors "^2.3.1"

"@npmcli/promise-spawn@^3.0.0":
  version "3.0.0"
  resolved "https://registry.yarnpkg.com/@npmcli/promise-spawn/-/promise-spawn-3.0.0.tgz#53283b5f18f855c6925f23c24e67c911501ef573"
  dependencies:
    infer-owner "^1.0.4"

"@npmcli/run-script@^4.1.0", "@npmcli/run-script@^4.1.3":
  version "4.1.7"
  resolved "https://registry.yarnpkg.com/@npmcli/run-script/-/run-script-4.1.7.tgz#b1a2f57568eb738e45e9ea3123fb054b400a86f7"
  dependencies:
    "@npmcli/node-gyp" "^2.0.0"
    "@npmcli/promise-spawn" "^3.0.0"
    node-gyp "^9.0.0"
    read-package-json-fast "^2.0.3"
    which "^2.0.2"

"@tootallnate/once@2":
  version "2.0.0"
  resolved "https://registry.yarnpkg.com/@tootallnate/once/-/once-2.0.0.tgz#f544a148d3ab35801c1f633a7441fd87c2e484bf"

"@types/diff-match-patch@^1.0.32":
  version "1.0.32"
  resolved "https://registry.yarnpkg.com/@types/diff-match-patch/-/diff-match-patch-1.0.32.tgz#d9c3b8c914aa8229485351db4865328337a3d09f"

"@types/lodash@^4.14.182":
  version "4.14.182"
  resolved "https://registry.yarnpkg.com/@types/lodash/-/lodash-4.14.182.tgz#05301a4d5e62963227eaafe0ce04dd77c54ea5c2"

"@types/node-fetch@^2.6.2":
  version "2.6.2"
  resolved "https://registry.yarnpkg.com/@types/node-fetch/-/node-fetch-2.6.2.tgz#d1a9c5fd049d9415dce61571557104dec3ec81da"
  dependencies:
    "@types/node" "*"
    form-data "^3.0.0"

"@types/node@*", "@types/node@^18.0.0":
  version "18.0.6"
  resolved "https://registry.yarnpkg.com/@types/node/-/node-18.0.6.tgz#0ba49ac517ad69abe7a1508bc9b3a5483df9d5d7"

"@types/yargs-parser@*":
  version "21.0.0"
  resolved "https://registry.yarnpkg.com/@types/yargs-parser/-/yargs-parser-21.0.0.tgz#0c60e537fa790f5f9472ed2776c2b71ec117351b"

"@types/yargs@^17.0.10":
  version "17.0.10"
  resolved "https://registry.yarnpkg.com/@types/yargs/-/yargs-17.0.10.tgz#591522fce85d8739bca7b8bb90d048e4478d186a"
  dependencies:
    "@types/yargs-parser" "*"

abbrev@1:
  version "1.1.1"
  resolved "https://registry.yarnpkg.com/abbrev/-/abbrev-1.1.1.tgz#f8f2c887ad10bf67f634f005b6987fed3179aac8"

agent-base@6, agent-base@^6.0.2:
  version "6.0.2"
  resolved "https://registry.yarnpkg.com/agent-base/-/agent-base-6.0.2.tgz#49fff58577cfee3f37176feab4c22e00f86d7f77"
  dependencies:
    debug "4"

agentkeepalive@^4.2.1:
  version "4.2.1"
  resolved "https://registry.yarnpkg.com/agentkeepalive/-/agentkeepalive-4.2.1.tgz#a7975cbb9f83b367f06c90cc51ff28fe7d499717"
  dependencies:
    debug "^4.1.0"
    depd "^1.1.2"
    humanize-ms "^1.2.1"

aggregate-error@^3.0.0:
  version "3.1.0"
  resolved "https://registry.yarnpkg.com/aggregate-error/-/aggregate-error-3.1.0.tgz#92670ff50f5359bdb7a3e0d40d0ec30c5737687a"
  dependencies:
    clean-stack "^2.0.0"
    indent-string "^4.0.0"

ansi-regex@^5.0.1:
  version "5.0.1"
  resolved "https://registry.yarnpkg.com/ansi-regex/-/ansi-regex-5.0.1.tgz#082cb2c89c9fe8659a311a53bd6a4dc5301db304"

ansi-styles@^4.0.0:
  version "4.3.0"
  resolved "https://registry.yarnpkg.com/ansi-styles/-/ansi-styles-4.3.0.tgz#edd803628ae71c04c85ae7a0906edad34b648937"
  dependencies:
    color-convert "^2.0.1"

"aproba@^1.0.3 || ^2.0.0":
  version "2.0.0"
  resolved "https://registry.yarnpkg.com/aproba/-/aproba-2.0.0.tgz#52520b8ae5b569215b354efc0caa3fe1e45a8adc"

are-we-there-yet@^3.0.0:
  version "3.0.0"
  resolved "https://registry.yarnpkg.com/are-we-there-yet/-/are-we-there-yet-3.0.0.tgz#ba20bd6b553e31d62fc8c31bd23d22b95734390d"
  dependencies:
    delegates "^1.0.0"
    readable-stream "^3.6.0"

asap@^2.0.0:
  version "2.0.6"
  resolved "https://registry.yarnpkg.com/asap/-/asap-2.0.6.tgz#e50347611d7e690943208bbdafebcbc2fb866d46"

asynckit@^0.4.0:
  version "0.4.0"
  resolved "https://registry.yarnpkg.com/asynckit/-/asynckit-0.4.0.tgz#c79ed97f7f34cb8f2ba1bc9790bcc366474b4b79"

balanced-match@^1.0.0:
  version "1.0.2"
  resolved "https://registry.yarnpkg.com/balanced-match/-/balanced-match-1.0.2.tgz#e83e3a7e3f300b34cb9d87f615fa0cbf357690ee"

bin-links@^3.0.0:
  version "3.0.1"
  resolved "https://registry.yarnpkg.com/bin-links/-/bin-links-3.0.1.tgz#cc70ffb481988b22c527d3e6e454787876987a49"
  dependencies:
    cmd-shim "^5.0.0"
    mkdirp-infer-owner "^2.0.0"
    npm-normalize-package-bin "^1.0.0"
    read-cmd-shim "^3.0.0"
    rimraf "^3.0.0"
    write-file-atomic "^4.0.0"

brace-expansion@^1.1.7:
  version "1.1.11"
  resolved "https://registry.yarnpkg.com/brace-expansion/-/brace-expansion-1.1.11.tgz#3c7fcbf529d87226f3d2f52b966ff5271eb441dd"
  dependencies:
    balanced-match "^1.0.0"
    concat-map "0.0.1"

brace-expansion@^2.0.1:
  version "2.0.1"
  resolved "https://registry.yarnpkg.com/brace-expansion/-/brace-expansion-2.0.1.tgz#1edc459e0f0c548486ecf9fc99f2221364b9a0ae"
  dependencies:
    balanced-match "^1.0.0"

builtins@^5.0.0:
  version "5.0.1"
  resolved "https://registry.yarnpkg.com/builtins/-/builtins-5.0.1.tgz#87f6db9ab0458be728564fa81d876d8d74552fa9"
  dependencies:
    semver "^7.0.0"

cacache@^16.0.0, cacache@^16.0.6, cacache@^16.1.0:
  version "16.1.1"
  resolved "https://registry.yarnpkg.com/cacache/-/cacache-16.1.1.tgz#4e79fb91d3efffe0630d5ad32db55cc1b870669c"
  dependencies:
    "@npmcli/fs" "^2.1.0"
    "@npmcli/move-file" "^2.0.0"
    chownr "^2.0.0"
    fs-minipass "^2.1.0"
    glob "^8.0.1"
    infer-owner "^1.0.4"
    lru-cache "^7.7.1"
    minipass "^3.1.6"
    minipass-collect "^1.0.2"
    minipass-flush "^1.0.5"
    minipass-pipeline "^1.2.4"
    mkdirp "^1.0.4"
    p-map "^4.0.0"
    promise-inflight "^1.0.1"
    rimraf "^3.0.2"
    ssri "^9.0.0"
    tar "^6.1.11"
    unique-filename "^1.1.1"

chownr@^2.0.0:
  version "2.0.0"
  resolved "https://registry.yarnpkg.com/chownr/-/chownr-2.0.0.tgz#15bfbe53d2eab4cf70f18a8cd68ebe5b3cb1dece"

clean-stack@^2.0.0:
  version "2.2.0"
  resolved "https://registry.yarnpkg.com/clean-stack/-/clean-stack-2.2.0.tgz#ee8472dbb129e727b31e8a10a427dee9dfe4008b"

cliui@^7.0.2:
  version "7.0.4"
  resolved "https://registry.yarnpkg.com/cliui/-/cliui-7.0.4.tgz#a0265ee655476fc807aea9df3df8df7783808b4f"
  dependencies:
    string-width "^4.2.0"
    strip-ansi "^6.0.0"
    wrap-ansi "^7.0.0"

cmd-shim@^5.0.0:
  version "5.0.0"
  resolved "https://registry.yarnpkg.com/cmd-shim/-/cmd-shim-5.0.0.tgz#8d0aaa1a6b0708630694c4dbde070ed94c707724"
  dependencies:
    mkdirp-infer-owner "^2.0.0"

color-convert@^2.0.1:
  version "2.0.1"
  resolved "https://registry.yarnpkg.com/color-convert/-/color-convert-2.0.1.tgz#72d3a68d598c9bdb3af2ad1e84f21d896abd4de3"
  dependencies:
    color-name "~1.1.4"

color-name@~1.1.4:
  version "1.1.4"
  resolved "https://registry.yarnpkg.com/color-name/-/color-name-1.1.4.tgz#c2a09a87acbde69543de6f63fa3995c826c536a2"

color-support@^1.1.3:
  version "1.1.3"
  resolved "https://registry.yarnpkg.com/color-support/-/color-support-1.1.3.tgz#93834379a1cc9a0c61f82f52f0d04322251bd5a2"

colors@^1.4.0:
  version "1.4.0"
  resolved "https://registry.yarnpkg.com/colors/-/colors-1.4.0.tgz#c50491479d4c1bdaed2c9ced32cf7c7dc2360f78"

combined-stream@^1.0.8:
  version "1.0.8"
  resolved "https://registry.yarnpkg.com/combined-stream/-/combined-stream-1.0.8.tgz#c3d45a8b34fd730631a110a8a2520682b31d5a7f"
  dependencies:
    delayed-stream "~1.0.0"

common-ancestor-path@^1.0.1:
  version "1.0.1"
  resolved "https://registry.yarnpkg.com/common-ancestor-path/-/common-ancestor-path-1.0.1.tgz#4f7d2d1394d91b7abdf51871c62f71eadb0182a7"

concat-map@0.0.1:
  version "0.0.1"
  resolved "https://registry.yarnpkg.com/concat-map/-/concat-map-0.0.1.tgz#d8a96bd77fd68df7793a73036a3ba0d5405d477b"

console-control-strings@^1.1.0:
  version "1.1.0"
  resolved "https://registry.yarnpkg.com/console-control-strings/-/console-control-strings-1.1.0.tgz#3d7cf4464db6446ea644bf4b39507f9851008e8e"

debug@4, debug@^4.1.0, debug@^4.3.3:
  version "4.3.4"
  resolved "https://registry.yarnpkg.com/debug/-/debug-4.3.4.tgz#1319f6579357f2338d3337d2cdd4914bb5dcc865"
  dependencies:
    ms "2.1.2"

debuglog@^1.0.1:
  version "1.0.1"
  resolved "https://registry.yarnpkg.com/debuglog/-/debuglog-1.0.1.tgz#aa24ffb9ac3df9a2351837cfb2d279360cd78492"

delayed-stream@~1.0.0:
  version "1.0.0"
  resolved "https://registry.yarnpkg.com/delayed-stream/-/delayed-stream-1.0.0.tgz#df3ae199acadfb7d440aaae0b29e2272b24ec619"

delegates@^1.0.0:
  version "1.0.0"
  resolved "https://registry.yarnpkg.com/delegates/-/delegates-1.0.0.tgz#84c6e159b81904fdca59a0ef44cd870d31250f9a"

depd@^1.1.2:
  version "1.1.2"
  resolved "https://registry.yarnpkg.com/depd/-/depd-1.1.2.tgz#9bcd52e14c097763e749b274c4346ed2e560b5a9"

dezalgo@^1.0.0:
  version "1.0.4"
  resolved "https://registry.yarnpkg.com/dezalgo/-/dezalgo-1.0.4.tgz#751235260469084c132157dfa857f386d4c33d81"
  dependencies:
    asap "^2.0.0"
    wrappy "1"

diff-match-patch@^1.0.5:
  version "1.0.5"
  resolved "https://registry.yarnpkg.com/diff-match-patch/-/diff-match-patch-1.0.5.tgz#abb584d5f10cd1196dfc55aa03701592ae3f7b37"

emoji-regex@^8.0.0:
  version "8.0.0"
  resolved "https://registry.yarnpkg.com/emoji-regex/-/emoji-regex-8.0.0.tgz#e818fd69ce5ccfcb404594f842963bf53164cc37"

encoding@^0.1.13:
  version "0.1.13"
  resolved "https://registry.yarnpkg.com/encoding/-/encoding-0.1.13.tgz#56574afdd791f54a8e9b2785c0582a2d26210fa9"
  dependencies:
    iconv-lite "^0.6.2"

env-paths@^2.2.0:
  version "2.2.1"
  resolved "https://registry.yarnpkg.com/env-paths/-/env-paths-2.2.1.tgz#420399d416ce1fbe9bc0a07c62fa68d67fd0f8f2"

err-code@^2.0.2:
  version "2.0.3"
  resolved "https://registry.yarnpkg.com/err-code/-/err-code-2.0.3.tgz#23c2f3b756ffdfc608d30e27c9a941024807e7f9"

escalade@^3.1.1:
  version "3.1.1"
  resolved "https://registry.yarnpkg.com/escalade/-/escalade-3.1.1.tgz#d8cfdc7000965c5a0174b4a82eaa5c0552742e40"

form-data@^3.0.0:
  version "3.0.1"
  resolved "https://registry.yarnpkg.com/form-data/-/form-data-3.0.1.tgz#ebd53791b78356a99af9a300d4282c4d5eb9755f"
  dependencies:
    asynckit "^0.4.0"
    combined-stream "^1.0.8"
    mime-types "^2.1.12"

fs-minipass@^2.0.0, fs-minipass@^2.1.0:
  version "2.1.0"
  resolved "https://registry.yarnpkg.com/fs-minipass/-/fs-minipass-2.1.0.tgz#7f5036fdbf12c63c169190cbe4199c852271f9fb"
  dependencies:
    minipass "^3.0.0"

fs.realpath@^1.0.0:
  version "1.0.0"
  resolved "https://registry.yarnpkg.com/fs.realpath/-/fs.realpath-1.0.0.tgz#1504ad2523158caa40db4a2787cb01411994ea4f"

function-bind@^1.1.1:
  version "1.1.1"
  resolved "https://registry.yarnpkg.com/function-bind/-/function-bind-1.1.1.tgz#a56899d3ea3c9bab874bb9773b7c5ede92f4895d"

gauge@^4.0.3:
  version "4.0.4"
  resolved "https://registry.yarnpkg.com/gauge/-/gauge-4.0.4.tgz#52ff0652f2bbf607a989793d53b751bef2328dce"
  dependencies:
    aproba "^1.0.3 || ^2.0.0"
    color-support "^1.1.3"
    console-control-strings "^1.1.0"
    has-unicode "^2.0.1"
    signal-exit "^3.0.7"
    string-width "^4.2.3"
    strip-ansi "^6.0.1"
    wide-align "^1.1.5"

get-caller-file@^2.0.5:
  version "2.0.5"
  resolved "https://registry.yarnpkg.com/get-caller-file/-/get-caller-file-2.0.5.tgz#4f94412a82db32f36e3b0b9741f8a97feb031f7e"

glob@^7.1.3, glob@^7.1.4:
  version "7.2.3"
  resolved "https://registry.yarnpkg.com/glob/-/glob-7.2.3.tgz#b8df0fb802bbfa8e89bd1d938b4e16578ed44f2b"
  dependencies:
    fs.realpath "^1.0.0"
    inflight "^1.0.4"
    inherits "2"
    minimatch "^3.1.1"
    once "^1.3.0"
    path-is-absolute "^1.0.0"

glob@^8.0.1:
  version "8.0.3"
  resolved "https://registry.yarnpkg.com/glob/-/glob-8.0.3.tgz#415c6eb2deed9e502c68fa44a272e6da6eeca42e"
  dependencies:
    fs.realpath "^1.0.0"
    inflight "^1.0.4"
    inherits "2"
    minimatch "^5.0.1"
    once "^1.3.0"

graceful-fs@^4.1.2, graceful-fs@^4.2.6:
  version "4.2.10"
  resolved "https://registry.yarnpkg.com/graceful-fs/-/graceful-fs-4.2.10.tgz#147d3a006da4ca3ce14728c7aefc287c367d7a6c"

has-unicode@^2.0.1:
  version "2.0.1"
  resolved "https://registry.yarnpkg.com/has-unicode/-/has-unicode-2.0.1.tgz#e0e6fe6a28cf51138855e086d1691e771de2a8b9"

has@^1.0.3:
  version "1.0.3"
  resolved "https://registry.yarnpkg.com/has/-/has-1.0.3.tgz#722d7cbfc1f6aa8241f16dd814e011e1f41e8796"
  dependencies:
    function-bind "^1.1.1"

hosted-git-info@^5.0.0:
  version "5.0.0"
  resolved "https://registry.yarnpkg.com/hosted-git-info/-/hosted-git-info-5.0.0.tgz#df7a06678b4ebd722139786303db80fdf302ea56"
  dependencies:
    lru-cache "^7.5.1"

http-cache-semantics@^4.1.0:
  version "4.1.0"
  resolved "https://registry.yarnpkg.com/http-cache-semantics/-/http-cache-semantics-4.1.0.tgz#49e91c5cbf36c9b94bcfcd71c23d5249ec74e390"

http-proxy-agent@^5.0.0:
  version "5.0.0"
  resolved "https://registry.yarnpkg.com/http-proxy-agent/-/http-proxy-agent-5.0.0.tgz#5129800203520d434f142bc78ff3c170800f2b43"
  dependencies:
    "@tootallnate/once" "2"
    agent-base "6"
    debug "4"

https-proxy-agent@^5.0.0:
  version "5.0.1"
  resolved "https://registry.yarnpkg.com/https-proxy-agent/-/https-proxy-agent-5.0.1.tgz#c59ef224a04fe8b754f3db0063a25ea30d0005d6"
  dependencies:
    agent-base "6"
    debug "4"

humanize-ms@^1.2.1:
  version "1.2.1"
  resolved "https://registry.yarnpkg.com/humanize-ms/-/humanize-ms-1.2.1.tgz#c46e3159a293f6b896da29316d8b6fe8bb79bbed"
  dependencies:
    ms "^2.0.0"

iconv-lite@^0.6.2:
  version "0.6.3"
  resolved "https://registry.yarnpkg.com/iconv-lite/-/iconv-lite-0.6.3.tgz#a52f80bf38da1952eb5c681790719871a1a72501"
  dependencies:
    safer-buffer ">= 2.1.2 < 3.0.0"

ignore-walk@^5.0.1:
  version "5.0.1"
  resolved "https://registry.yarnpkg.com/ignore-walk/-/ignore-walk-5.0.1.tgz#5f199e23e1288f518d90358d461387788a154776"
  dependencies:
    minimatch "^5.0.1"

imurmurhash@^0.1.4:
  version "0.1.4"
  resolved "https://registry.yarnpkg.com/imurmurhash/-/imurmurhash-0.1.4.tgz#9218b9b2b928a238b13dc4fb6b6d576f231453ea"

indent-string@^4.0.0:
  version "4.0.0"
  resolved "https://registry.yarnpkg.com/indent-string/-/indent-string-4.0.0.tgz#624f8f4497d619b2d9768531d58f4122854d7251"

infer-owner@^1.0.4:
  version "1.0.4"
  resolved "https://registry.yarnpkg.com/infer-owner/-/infer-owner-1.0.4.tgz#c4cefcaa8e51051c2a40ba2ce8a3d27295af9467"

inflight@^1.0.4:
  version "1.0.6"
  resolved "https://registry.yarnpkg.com/inflight/-/inflight-1.0.6.tgz#49bd6331d7d02d0c09bc910a1075ba8165b56df9"
  dependencies:
    once "^1.3.0"
    wrappy "1"

inherits@2, inherits@^2.0.3:
  version "2.0.4"
  resolved "https://registry.yarnpkg.com/inherits/-/inherits-2.0.4.tgz#0fa2c64f932917c3433a0ded55363aae37416b7c"

ip@^2.0.0:
  version "2.0.0"
  resolved "https://registry.yarnpkg.com/ip/-/ip-2.0.0.tgz#4cf4ab182fee2314c75ede1276f8c80b479936da"

is-core-module@^2.8.1:
  version "2.9.0"
  resolved "https://registry.yarnpkg.com/is-core-module/-/is-core-module-2.9.0.tgz#e1c34429cd51c6dd9e09e0799e396e27b19a9c69"
  dependencies:
    has "^1.0.3"

is-fullwidth-code-point@^3.0.0:
  version "3.0.0"
  resolved "https://registry.yarnpkg.com/is-fullwidth-code-point/-/is-fullwidth-code-point-3.0.0.tgz#f116f8064fe90b3f7844a38997c0b75051269f1d"

is-lambda@^1.0.1:
  version "1.0.1"
  resolved "https://registry.yarnpkg.com/is-lambda/-/is-lambda-1.0.1.tgz#3d9877899e6a53efc0160504cde15f82e6f061d5"

isexe@^2.0.0:
  version "2.0.0"
  resolved "https://registry.yarnpkg.com/isexe/-/isexe-2.0.0.tgz#e8fbf374dc556ff8947a10dcb0572d633f2cfa10"

json-parse-even-better-errors@^2.3.0, json-parse-even-better-errors@^2.3.1:
  version "2.3.1"
  resolved "https://registry.yarnpkg.com/json-parse-even-better-errors/-/json-parse-even-better-errors-2.3.1.tgz#7c47805a94319928e05777405dc12e1f7a4ee02d"

json-stringify-nice@^1.1.4:
  version "1.1.4"
  resolved "https://registry.yarnpkg.com/json-stringify-nice/-/json-stringify-nice-1.1.4.tgz#2c937962b80181d3f317dd39aa323e14f5a60a67"

jsonparse@^1.3.1:
  version "1.3.1"
  resolved "https://registry.yarnpkg.com/jsonparse/-/jsonparse-1.3.1.tgz#3f4dae4a91fac315f71062f8521cc239f1366280"

just-diff-apply@^5.2.0:
  version "5.3.1"
  resolved "https://registry.yarnpkg.com/just-diff-apply/-/just-diff-apply-5.3.1.tgz#30f40809ffed55ad76dccf73fa9b85a76964c867"

just-diff@^5.0.1:
  version "5.0.3"
  resolved "https://registry.yarnpkg.com/just-diff/-/just-diff-5.0.3.tgz#4c9c514dec5526b25ab977590e3c39a0cf271554"

lodash@^4.17.21:
  version "4.17.21"
  resolved "https://registry.yarnpkg.com/lodash/-/lodash-4.17.21.tgz#679591c564c3bffaae8454cf0b3df370c3d6911c"

lru-cache@^6.0.0:
  version "6.0.0"
  resolved "https://registry.yarnpkg.com/lru-cache/-/lru-cache-6.0.0.tgz#6d6fe6570ebd96aaf90fcad1dafa3b2566db3a94"
  dependencies:
    yallist "^4.0.0"

lru-cache@^7.4.4, lru-cache@^7.5.1, lru-cache@^7.7.1:
  version "7.13.1"
  resolved "https://registry.yarnpkg.com/lru-cache/-/lru-cache-7.13.1.tgz#267a81fbd0881327c46a81c5922606a2cfe336c4"

make-fetch-happen@^10.0.3, make-fetch-happen@^10.0.6:
  version "10.1.8"
  resolved "https://registry.yarnpkg.com/make-fetch-happen/-/make-fetch-happen-10.1.8.tgz#3b6e93dd8d8fdb76c0d7bf32e617f37c3108435a"
  dependencies:
    agentkeepalive "^4.2.1"
    cacache "^16.1.0"
    http-cache-semantics "^4.1.0"
    http-proxy-agent "^5.0.0"
    https-proxy-agent "^5.0.0"
    is-lambda "^1.0.1"
    lru-cache "^7.7.1"
    minipass "^3.1.6"
    minipass-collect "^1.0.2"
    minipass-fetch "^2.0.3"
    minipass-flush "^1.0.5"
    minipass-pipeline "^1.2.4"
    negotiator "^0.6.3"
    promise-retry "^2.0.1"
    socks-proxy-agent "^7.0.0"
    ssri "^9.0.0"

mime-db@1.52.0:
  version "1.52.0"
  resolved "https://registry.yarnpkg.com/mime-db/-/mime-db-1.52.0.tgz#bbabcdc02859f4987301c856e3387ce5ec43bf70"

mime-types@^2.1.12:
  version "2.1.35"
  resolved "https://registry.yarnpkg.com/mime-types/-/mime-types-2.1.35.tgz#381a871b62a734450660ae3deee44813f70d959a"
  dependencies:
    mime-db "1.52.0"

minimatch@^3.1.1:
  version "3.1.2"
  resolved "https://registry.yarnpkg.com/minimatch/-/minimatch-3.1.2.tgz#19cd194bfd3e428f049a70817c038d89ab4be35b"
  dependencies:
    brace-expansion "^1.1.7"

minimatch@^5.0.1:
  version "5.1.0"
  resolved "https://registry.yarnpkg.com/minimatch/-/minimatch-5.1.0.tgz#1717b464f4971b144f6aabe8f2d0b8e4511e09c7"
  dependencies:
    brace-expansion "^2.0.1"

minipass-collect@^1.0.2:
  version "1.0.2"
  resolved "https://registry.yarnpkg.com/minipass-collect/-/minipass-collect-1.0.2.tgz#22b813bf745dc6edba2576b940022ad6edc8c617"
  dependencies:
    minipass "^3.0.0"

minipass-fetch@^2.0.3:
  version "2.1.0"
  resolved "https://registry.yarnpkg.com/minipass-fetch/-/minipass-fetch-2.1.0.tgz#ca1754a5f857a3be99a9271277246ac0b44c3ff8"
  dependencies:
    minipass "^3.1.6"
    minipass-sized "^1.0.3"
    minizlib "^2.1.2"
  optionalDependencies:
    encoding "^0.1.13"

minipass-flush@^1.0.5:
  version "1.0.5"
  resolved "https://registry.yarnpkg.com/minipass-flush/-/minipass-flush-1.0.5.tgz#82e7135d7e89a50ffe64610a787953c4c4cbb373"
  dependencies:
    minipass "^3.0.0"

minipass-json-stream@^1.0.1:
  version "1.0.1"
  resolved "https://registry.yarnpkg.com/minipass-json-stream/-/minipass-json-stream-1.0.1.tgz#7edbb92588fbfc2ff1db2fc10397acb7b6b44aa7"
  dependencies:
    jsonparse "^1.3.1"
    minipass "^3.0.0"

minipass-pipeline@^1.2.4:
  version "1.2.4"
  resolved "https://registry.yarnpkg.com/minipass-pipeline/-/minipass-pipeline-1.2.4.tgz#68472f79711c084657c067c5c6ad93cddea8214c"
  dependencies:
    minipass "^3.0.0"

minipass-sized@^1.0.3:
  version "1.0.3"
  resolved "https://registry.yarnpkg.com/minipass-sized/-/minipass-sized-1.0.3.tgz#70ee5a7c5052070afacfbc22977ea79def353b70"
  dependencies:
    minipass "^3.0.0"

minipass@^3.0.0, minipass@^3.1.1, minipass@^3.1.6:
  version "3.3.4"
  resolved "https://registry.yarnpkg.com/minipass/-/minipass-3.3.4.tgz#ca99f95dd77c43c7a76bf51e6d200025eee0ffae"
  dependencies:
    yallist "^4.0.0"

minizlib@^2.1.1, minizlib@^2.1.2:
  version "2.1.2"
  resolved "https://registry.yarnpkg.com/minizlib/-/minizlib-2.1.2.tgz#e90d3466ba209b932451508a11ce3d3632145931"
  dependencies:
    minipass "^3.0.0"
    yallist "^4.0.0"

mkdirp-infer-owner@^2.0.0:
  version "2.0.0"
  resolved "https://registry.yarnpkg.com/mkdirp-infer-owner/-/mkdirp-infer-owner-2.0.0.tgz#55d3b368e7d89065c38f32fd38e638f0ab61d316"
  dependencies:
    chownr "^2.0.0"
    infer-owner "^1.0.4"
    mkdirp "^1.0.3"

mkdirp@^1.0.3, mkdirp@^1.0.4:
  version "1.0.4"
  resolved "https://registry.yarnpkg.com/mkdirp/-/mkdirp-1.0.4.tgz#3eb5ed62622756d79a5f0e2a221dfebad75c2f7e"

ms@2.1.2:
  version "2.1.2"
  resolved "https://registry.yarnpkg.com/ms/-/ms-2.1.2.tgz#d09d1f357b443f493382a8eb3ccd183872ae6009"

ms@^2.0.0:
  version "2.1.3"
  resolved "https://registry.yarnpkg.com/ms/-/ms-2.1.3.tgz#574c8138ce1d2b5861f0b44579dbadd60c6615b2"

negotiator@^0.6.3:
  version "0.6.3"
  resolved "https://registry.yarnpkg.com/negotiator/-/negotiator-0.6.3.tgz#58e323a72fedc0d6f9cd4d31fe49f51479590ccd"

node-fetch@^2.6.7:
  version "2.6.7"
  resolved "https://registry.yarnpkg.com/node-fetch/-/node-fetch-2.6.7.tgz#24de9fba827e3b4ae44dc8b20256a379160052ad"
  dependencies:
    whatwg-url "^5.0.0"

node-gyp@^9.0.0:
  version "9.1.0"
  resolved "https://registry.yarnpkg.com/node-gyp/-/node-gyp-9.1.0.tgz#c8d8e590678ea1f7b8097511dedf41fc126648f8"
  dependencies:
    env-paths "^2.2.0"
    glob "^7.1.4"
    graceful-fs "^4.2.6"
    make-fetch-happen "^10.0.3"
    nopt "^5.0.0"
    npmlog "^6.0.0"
    rimraf "^3.0.2"
    semver "^7.3.5"
    tar "^6.1.2"
    which "^2.0.2"

nopt@^5.0.0:
  version "5.0.0"
  resolved "https://registry.yarnpkg.com/nopt/-/nopt-5.0.0.tgz#530942bb58a512fccafe53fe210f13a25355dc88"
  dependencies:
    abbrev "1"

normalize-package-data@^4.0.0:
  version "4.0.0"
  resolved "https://registry.yarnpkg.com/normalize-package-data/-/normalize-package-data-4.0.0.tgz#1122d5359af21d4cd08718b92b058a658594177c"
  dependencies:
    hosted-git-info "^5.0.0"
    is-core-module "^2.8.1"
    semver "^7.3.5"
    validate-npm-package-license "^3.0.4"

npm-bundled@^1.1.1, npm-bundled@^1.1.2:
  version "1.1.2"
  resolved "https://registry.yarnpkg.com/npm-bundled/-/npm-bundled-1.1.2.tgz#944c78789bd739035b70baa2ca5cc32b8d860bc1"
  dependencies:
    npm-normalize-package-bin "^1.0.1"

npm-install-checks@^5.0.0:
  version "5.0.0"
  resolved "https://registry.yarnpkg.com/npm-install-checks/-/npm-install-checks-5.0.0.tgz#5ff27d209a4e3542b8ac6b0c1db6063506248234"
  dependencies:
    semver "^7.1.1"

npm-normalize-package-bin@^1.0.0, npm-normalize-package-bin@^1.0.1:
  version "1.0.1"
  resolved "https://registry.yarnpkg.com/npm-normalize-package-bin/-/npm-normalize-package-bin-1.0.1.tgz#6e79a41f23fd235c0623218228da7d9c23b8f6e2"

npm-package-arg@^9.0.0, npm-package-arg@^9.0.1:
  version "9.1.0"
  resolved "https://registry.yarnpkg.com/npm-package-arg/-/npm-package-arg-9.1.0.tgz#a60e9f1e7c03e4e3e4e994ea87fff8b90b522987"
  dependencies:
    hosted-git-info "^5.0.0"
    proc-log "^2.0.1"
    semver "^7.3.5"
    validate-npm-package-name "^4.0.0"

npm-packlist@^5.1.0:
  version "5.1.1"
  resolved "https://registry.yarnpkg.com/npm-packlist/-/npm-packlist-5.1.1.tgz#79bcaf22a26b6c30aa4dd66b976d69cc286800e0"
  dependencies:
    glob "^8.0.1"
    ignore-walk "^5.0.1"
    npm-bundled "^1.1.2"
    npm-normalize-package-bin "^1.0.1"

npm-pick-manifest@^7.0.0:
  version "7.0.1"
  resolved "https://registry.yarnpkg.com/npm-pick-manifest/-/npm-pick-manifest-7.0.1.tgz#76dda30a7cd6b99be822217a935c2f5eacdaca4c"
  dependencies:
    npm-install-checks "^5.0.0"
    npm-normalize-package-bin "^1.0.1"
    npm-package-arg "^9.0.0"
    semver "^7.3.5"

npm-registry-fetch@^13.0.0, npm-registry-fetch@^13.0.1:
  version "13.2.0"
  resolved "https://registry.yarnpkg.com/npm-registry-fetch/-/npm-registry-fetch-13.2.0.tgz#8ba2e801bee45b6dfa428367ab42b7d8dea3bfce"
  dependencies:
    make-fetch-happen "^10.0.6"
    minipass "^3.1.6"
    minipass-fetch "^2.0.3"
    minipass-json-stream "^1.0.1"
    minizlib "^2.1.2"
    npm-package-arg "^9.0.1"
    proc-log "^2.0.0"

npmlog@^6.0.0, npmlog@^6.0.2:
  version "6.0.2"
  resolved "https://registry.yarnpkg.com/npmlog/-/npmlog-6.0.2.tgz#c8166017a42f2dea92d6453168dd865186a70830"
  dependencies:
    are-we-there-yet "^3.0.0"
    console-control-strings "^1.1.0"
    gauge "^4.0.3"
    set-blocking "^2.0.0"

once@^1.3.0:
  version "1.4.0"
  resolved "https://registry.yarnpkg.com/once/-/once-1.4.0.tgz#583b1aa775961d4b113ac17d9c50baef9dd76bd1"
  dependencies:
    wrappy "1"

p-map@^4.0.0:
  version "4.0.0"
  resolved "https://registry.yarnpkg.com/p-map/-/p-map-4.0.0.tgz#bb2f95a5eda2ec168ec9274e06a747c3e2904d2b"
  dependencies:
    aggregate-error "^3.0.0"

pacote@^13.0.3, pacote@^13.6.1:
  version "13.6.1"
  resolved "https://registry.yarnpkg.com/pacote/-/pacote-13.6.1.tgz#ac6cbd9032b4c16e5c1e0c60138dfe44e4cc589d"
  dependencies:
    "@npmcli/git" "^3.0.0"
    "@npmcli/installed-package-contents" "^1.0.7"
    "@npmcli/promise-spawn" "^3.0.0"
    "@npmcli/run-script" "^4.1.0"
    cacache "^16.0.0"
    chownr "^2.0.0"
    fs-minipass "^2.1.0"
    infer-owner "^1.0.4"
    minipass "^3.1.6"
    mkdirp "^1.0.4"
    npm-package-arg "^9.0.0"
    npm-packlist "^5.1.0"
    npm-pick-manifest "^7.0.0"
    npm-registry-fetch "^13.0.1"
    proc-log "^2.0.0"
    promise-retry "^2.0.1"
    read-package-json "^5.0.0"
    read-package-json-fast "^2.0.3"
    rimraf "^3.0.2"
    ssri "^9.0.0"
    tar "^6.1.11"

parse-conflict-json@^2.0.1:
  version "2.0.2"
  resolved "https://registry.yarnpkg.com/parse-conflict-json/-/parse-conflict-json-2.0.2.tgz#3d05bc8ffe07d39600dc6436c6aefe382033d323"
  dependencies:
    json-parse-even-better-errors "^2.3.1"
    just-diff "^5.0.1"
    just-diff-apply "^5.2.0"

path-is-absolute@^1.0.0:
  version "1.0.1"
  resolved "https://registry.yarnpkg.com/path-is-absolute/-/path-is-absolute-1.0.1.tgz#174b9268735534ffbc7ace6bf53a5a9e1b5c5f5f"

proc-log@^2.0.0, proc-log@^2.0.1:
  version "2.0.1"
  resolved "https://registry.yarnpkg.com/proc-log/-/proc-log-2.0.1.tgz#8f3f69a1f608de27878f91f5c688b225391cb685"

promise-all-reject-late@^1.0.0:
  version "1.0.1"
  resolved "https://registry.yarnpkg.com/promise-all-reject-late/-/promise-all-reject-late-1.0.1.tgz#f8ebf13483e5ca91ad809ccc2fcf25f26f8643c2"

promise-call-limit@^1.0.1:
  version "1.0.1"
  resolved "https://registry.yarnpkg.com/promise-call-limit/-/promise-call-limit-1.0.1.tgz#4bdee03aeb85674385ca934da7114e9bcd3c6e24"

promise-inflight@^1.0.1:
  version "1.0.1"
  resolved "https://registry.yarnpkg.com/promise-inflight/-/promise-inflight-1.0.1.tgz#98472870bf228132fcbdd868129bad12c3c029e3"

promise-retry@^2.0.1:
  version "2.0.1"
  resolved "https://registry.yarnpkg.com/promise-retry/-/promise-retry-2.0.1.tgz#ff747a13620ab57ba688f5fc67855410c370da22"
  dependencies:
    err-code "^2.0.2"
    retry "^0.12.0"

read-cmd-shim@^3.0.0:
  version "3.0.0"
  resolved "https://registry.yarnpkg.com/read-cmd-shim/-/read-cmd-shim-3.0.0.tgz#62b8c638225c61e6cc607f8f4b779f3b8238f155"

read-package-json-fast@^2.0.2, read-package-json-fast@^2.0.3:
  version "2.0.3"
  resolved "https://registry.yarnpkg.com/read-package-json-fast/-/read-package-json-fast-2.0.3.tgz#323ca529630da82cb34b36cc0b996693c98c2b83"
  dependencies:
    json-parse-even-better-errors "^2.3.0"
    npm-normalize-package-bin "^1.0.1"

read-package-json@^5.0.0:
  version "5.0.1"
  resolved "https://registry.yarnpkg.com/read-package-json/-/read-package-json-5.0.1.tgz#1ed685d95ce258954596b13e2e0e76c7d0ab4c26"
  dependencies:
    glob "^8.0.1"
    json-parse-even-better-errors "^2.3.1"
    normalize-package-data "^4.0.0"
    npm-normalize-package-bin "^1.0.1"

readable-stream@^3.6.0:
  version "3.6.0"
  resolved "https://registry.yarnpkg.com/readable-stream/-/readable-stream-3.6.0.tgz#337bbda3adc0706bd3e024426a286d4b4b2c9198"
  dependencies:
    inherits "^2.0.3"
    string_decoder "^1.1.1"
    util-deprecate "^1.0.1"

readdir-scoped-modules@^1.1.0:
  version "1.1.0"
  resolved "https://registry.yarnpkg.com/readdir-scoped-modules/-/readdir-scoped-modules-1.1.0.tgz#8d45407b4f870a0dcaebc0e28670d18e74514309"
  dependencies:
    debuglog "^1.0.1"
    dezalgo "^1.0.0"
    graceful-fs "^4.1.2"
    once "^1.3.0"

require-directory@^2.1.1:
  version "2.1.1"
  resolved "https://registry.yarnpkg.com/require-directory/-/require-directory-2.1.1.tgz#8c64ad5fd30dab1c976e2344ffe7f792a6a6df42"

retry@^0.12.0:
  version "0.12.0"
  resolved "https://registry.yarnpkg.com/retry/-/retry-0.12.0.tgz#1b42a6266a21f07421d1b0b54b7dc167b01c013b"

rimraf@^3.0.0, rimraf@^3.0.2:
  version "3.0.2"
  resolved "https://registry.yarnpkg.com/rimraf/-/rimraf-3.0.2.tgz#f1a5402ba6220ad52cc1282bac1ae3aa49fd061a"
  dependencies:
    glob "^7.1.3"

safe-buffer@~5.2.0:
  version "5.2.1"
  resolved "https://registry.yarnpkg.com/safe-buffer/-/safe-buffer-5.2.1.tgz#1eaf9fa9bdb1fdd4ec75f58f9cdb4e6b7827eec6"

"safer-buffer@>= 2.1.2 < 3.0.0":
  version "2.1.2"
  resolved "https://registry.yarnpkg.com/safer-buffer/-/safer-buffer-2.1.2.tgz#44fa161b0187b9549dd84bb91802f9bd8385cd6a"

semver@^7.0.0, semver@^7.1.1, semver@^7.3.5, semver@^7.3.7:
  version "7.3.7"
  resolved "https://registry.yarnpkg.com/semver/-/semver-7.3.7.tgz#12c5b649afdbf9049707796e22a4028814ce523f"
  dependencies:
    lru-cache "^6.0.0"

set-blocking@^2.0.0:
  version "2.0.0"
  resolved "https://registry.yarnpkg.com/set-blocking/-/set-blocking-2.0.0.tgz#045f9782d011ae9a6803ddd382b24392b3d890f7"

signal-exit@^3.0.7:
  version "3.0.7"
  resolved "https://registry.yarnpkg.com/signal-exit/-/signal-exit-3.0.7.tgz#a9a1767f8af84155114eaabd73f99273c8f59ad9"

smart-buffer@^4.2.0:
  version "4.2.0"
  resolved "https://registry.yarnpkg.com/smart-buffer/-/smart-buffer-4.2.0.tgz#6e1d71fa4f18c05f7d0ff216dd16a481d0e8d9ae"

socks-proxy-agent@^7.0.0:
  version "7.0.0"
  resolved "https://registry.yarnpkg.com/socks-proxy-agent/-/socks-proxy-agent-7.0.0.tgz#dc069ecf34436621acb41e3efa66ca1b5fed15b6"
  dependencies:
    agent-base "^6.0.2"
    debug "^4.3.3"
    socks "^2.6.2"

socks@^2.6.2:
  version "2.7.0"
  resolved "https://registry.yarnpkg.com/socks/-/socks-2.7.0.tgz#f9225acdb841e874dca25f870e9130990f3913d0"
  dependencies:
    ip "^2.0.0"
    smart-buffer "^4.2.0"

spdx-correct@^3.0.0:
  version "3.1.1"
  resolved "https://registry.yarnpkg.com/spdx-correct/-/spdx-correct-3.1.1.tgz#dece81ac9c1e6713e5f7d1b6f17d468fa53d89a9"
  dependencies:
    spdx-expression-parse "^3.0.0"
    spdx-license-ids "^3.0.0"

spdx-exceptions@^2.1.0:
  version "2.3.0"
  resolved "https://registry.yarnpkg.com/spdx-exceptions/-/spdx-exceptions-2.3.0.tgz#3f28ce1a77a00372683eade4a433183527a2163d"

spdx-expression-parse@^3.0.0:
  version "3.0.1"
  resolved "https://registry.yarnpkg.com/spdx-expression-parse/-/spdx-expression-parse-3.0.1.tgz#cf70f50482eefdc98e3ce0a6833e4a53ceeba679"
  dependencies:
    spdx-exceptions "^2.1.0"
    spdx-license-ids "^3.0.0"

spdx-license-ids@^3.0.0:
  version "3.0.11"
  resolved "https://registry.yarnpkg.com/spdx-license-ids/-/spdx-license-ids-3.0.11.tgz#50c0d8c40a14ec1bf449bae69a0ea4685a9d9f95"

ssri@^9.0.0:
  version "9.0.1"
  resolved "https://registry.yarnpkg.com/ssri/-/ssri-9.0.1.tgz#544d4c357a8d7b71a19700074b6883fcb4eae057"
  dependencies:
    minipass "^3.1.1"

"string-width@^1.0.2 || 2 || 3 || 4", string-width@^4.1.0, string-width@^4.2.0, string-width@^4.2.3:
  version "4.2.3"
  resolved "https://registry.yarnpkg.com/string-width/-/string-width-4.2.3.tgz#269c7117d27b05ad2e536830a8ec895ef9c6d010"
  dependencies:
    emoji-regex "^8.0.0"
    is-fullwidth-code-point "^3.0.0"
    strip-ansi "^6.0.1"

string_decoder@^1.1.1:
  version "1.3.0"
  resolved "https://registry.yarnpkg.com/string_decoder/-/string_decoder-1.3.0.tgz#42f114594a46cf1a8e30b0a84f56c78c3edac21e"
  dependencies:
    safe-buffer "~5.2.0"

strip-ansi@^6.0.0, strip-ansi@^6.0.1:
  version "6.0.1"
  resolved "https://registry.yarnpkg.com/strip-ansi/-/strip-ansi-6.0.1.tgz#9e26c63d30f53443e9489495b2105d37b67a85d9"
  dependencies:
    ansi-regex "^5.0.1"

tar@^6.1.11, tar@^6.1.2:
  version "6.1.11"
  resolved "https://registry.yarnpkg.com/tar/-/tar-6.1.11.tgz#6760a38f003afa1b2ffd0ffe9e9abbd0eab3d621"
  dependencies:
    chownr "^2.0.0"
    fs-minipass "^2.0.0"
    minipass "^3.0.0"
    minizlib "^2.1.1"
    mkdirp "^1.0.3"
    yallist "^4.0.0"

tr46@~0.0.3:
  version "0.0.3"
  resolved "https://registry.yarnpkg.com/tr46/-/tr46-0.0.3.tgz#8184fd347dac9cdc185992f3a6622e14b9d9ab6a"

treeverse@^2.0.0:
  version "2.0.0"
  resolved "https://registry.yarnpkg.com/treeverse/-/treeverse-2.0.0.tgz#036dcef04bc3fd79a9b79a68d4da03e882d8a9ca"

typescript@^4.7.4:
  version "4.7.4"
  resolved "https://registry.yarnpkg.com/typescript/-/typescript-4.7.4.tgz#1a88596d1cf47d59507a1bcdfb5b9dfe4d488235"

unique-filename@^1.1.1:
  version "1.1.1"
  resolved "https://registry.yarnpkg.com/unique-filename/-/unique-filename-1.1.1.tgz#1d69769369ada0583103a1e6ae87681b56573230"
  dependencies:
    unique-slug "^2.0.0"

unique-slug@^2.0.0:
  version "2.0.2"
  resolved "https://registry.yarnpkg.com/unique-slug/-/unique-slug-2.0.2.tgz#baabce91083fc64e945b0f3ad613e264f7cd4e6c"
  dependencies:
    imurmurhash "^0.1.4"

util-deprecate@^1.0.1:
  version "1.0.2"
  resolved "https://registry.yarnpkg.com/util-deprecate/-/util-deprecate-1.0.2.tgz#450d4dc9fa70de732762fbd2d4a28981419a0ccf"

validate-npm-package-license@^3.0.4:
  version "3.0.4"
  resolved "https://registry.yarnpkg.com/validate-npm-package-license/-/validate-npm-package-license-3.0.4.tgz#fc91f6b9c7ba15c857f4cb2c5defeec39d4f410a"
  dependencies:
    spdx-correct "^3.0.0"
    spdx-expression-parse "^3.0.0"

validate-npm-package-name@^4.0.0:
  version "4.0.0"
  resolved "https://registry.yarnpkg.com/validate-npm-package-name/-/validate-npm-package-name-4.0.0.tgz#fe8f1c50ac20afdb86f177da85b3600f0ac0d747"
  dependencies:
    builtins "^5.0.0"

walk-up-path@^1.0.0:
  version "1.0.0"
  resolved "https://registry.yarnpkg.com/walk-up-path/-/walk-up-path-1.0.0.tgz#d4745e893dd5fd0dbb58dd0a4c6a33d9c9fec53e"

webidl-conversions@^3.0.0:
  version "3.0.1"
  resolved "https://registry.yarnpkg.com/webidl-conversions/-/webidl-conversions-3.0.1.tgz#24534275e2a7bc6be7bc86611cc16ae0a5654871"

whatwg-url@^5.0.0:
  version "5.0.0"
  resolved "https://registry.yarnpkg.com/whatwg-url/-/whatwg-url-5.0.0.tgz#966454e8765462e37644d3626f6742ce8b70965d"
  dependencies:
    tr46 "~0.0.3"
    webidl-conversions "^3.0.0"

which@^2.0.2:
  version "2.0.2"
  resolved "https://registry.yarnpkg.com/which/-/which-2.0.2.tgz#7c6a8dd0a636a0327e10b59c9286eee93f3f51b1"
  dependencies:
    isexe "^2.0.0"

wide-align@^1.1.5:
  version "1.1.5"
  resolved "https://registry.yarnpkg.com/wide-align/-/wide-align-1.1.5.tgz#df1d4c206854369ecf3c9a4898f1b23fbd9d15d3"
  dependencies:
    string-width "^1.0.2 || 2 || 3 || 4"

wrap-ansi@^7.0.0:
  version "7.0.0"
  resolved "https://registry.yarnpkg.com/wrap-ansi/-/wrap-ansi-7.0.0.tgz#67e145cff510a6a6984bdf1152911d69d2eb9e43"
  dependencies:
    ansi-styles "^4.0.0"
    string-width "^4.1.0"
    strip-ansi "^6.0.0"

wrappy@1:
  version "1.0.2"
  resolved "https://registry.yarnpkg.com/wrappy/-/wrappy-1.0.2.tgz#b5243d8f3ec1aa35f1364605bc0d1036e30ab69f"

write-file-atomic@^4.0.0:
  version "4.0.1"
  resolved "https://registry.yarnpkg.com/write-file-atomic/-/write-file-atomic-4.0.1.tgz#9faa33a964c1c85ff6f849b80b42a88c2c537c8f"
  dependencies:
    imurmurhash "^0.1.4"
    signal-exit "^3.0.7"

y18n@^5.0.5:
  version "5.0.8"
  resolved "https://registry.yarnpkg.com/y18n/-/y18n-5.0.8.tgz#7f4934d0f7ca8c56f95314939ddcd2dd91ce1d55"

yallist@^4.0.0:
  version "4.0.0"
  resolved "https://registry.yarnpkg.com/yallist/-/yallist-4.0.0.tgz#9bb92790d9c0effec63be73519e11a35019a3a72"

yargs-parser@^21.0.0:
  version "21.0.1"
  resolved "https://registry.yarnpkg.com/yargs-parser/-/yargs-parser-21.0.1.tgz#0267f286c877a4f0f728fceb6f8a3e4cb95c6e35"

yargs@^17.5.1:
  version "17.5.1"
  resolved "https://registry.yarnpkg.com/yargs/-/yargs-17.5.1.tgz#e109900cab6fcb7fd44b1d8249166feb0b36e58e"
  dependencies:
    cliui "^7.0.2"
    escalade "^3.1.1"
    get-caller-file "^2.0.5"
    require-directory "^2.1.1"
    string-width "^4.2.3"
    y18n "^5.0.5"
    yargs-parser "^21.0.0"
